
Microsoft Visual Studio Solution File, Format Version 12.00
# Visual Studio Version 16
VisualStudioVersion = 16.0.37530.7
MinimumVisualStudioVersion = 10.0.40219.1
Project("{FAE04EC0-301F-11D3-BF4B-00C04F79EFBC}") = "Streamall", "..\Streamall\Streamall\Streamall.csproj", "{12EEDEF3-B4D7-472C-BE5F-3B3FADE31C38}"
EndProject
Global
	GlobalSection(SolutionConfigurationPlatforms) = preSolution
		Debug|Any CPU = Debug|Any CPU
		Release|Any CPU = Release|Any CPU
	EndGlobalSection
	GlobalSection(ProjectConfigurationPlatforms) = postSolution
		{12EEDEF3-B4D7-472C-BE5F-3B3FADE31C38}.Debug|Any CPU.ActiveCfg = Debug|Any CPU
		{12EEDEF3-B4D7-472C-BE5F-3B3FADE31C38}.Debug|Any CPU.Build.0 = Debug|Any CPU
		{12EEDEF3-B4D7-472C-BE5F-3B3FADE31C38}.Release|Any CPU.ActiveCfg = Release|Any CPU
		{12EEDEF3-B4D7-472C-BE5F-3B3FADE31C38}.Release|Any CPU.Build.0 = Release|Any CPU
	EndGlobalSection
	GlobalSection(SolutionProperties) = preSolution
		HideSolutionNode = FALSE
	EndGlobalSection
	GlobalSection(ExtensibilityGlobals) = postSolution
		SolutionGuid = {4304CA49-FEFC-444C-9494-A267639F1D2F}
	EndGlobalSection
EndGlobal
